// !$*UTF8*$!
{
	archiveVersion = 1;
	classes = {
	};
	objectVersion = 52;
	objects = {

/* Begin PBXBuildFile section */
		0E04099B270F6A02006CF444 /* Utilities.swift in Sources */ = {isa = PBXBuildFile; fileRef = 0E04099A270F6A02006CF444 /* Utilities.swift */; };
		0E04099D270F6F54006CF444 /* GoogleService-Info.plist in Resources */ = {isa = PBXBuildFile; fileRef = 0E04099C270F6F54006CF444 /* GoogleService-Info.plist */; };
		0E04099F270F6F62006CF444 /* GoogleService-Info.plist in Resources */ = {isa = PBXBuildFile; fileRef = 0E04099E270F6F62006CF444 /* GoogleService-Info.plist */; };
		0E0409A1270F6FB9006CF444 /* GoogleService-Info.plist in Resources */ = {isa = PBXBuildFile; fileRef = 0E0409A0270F6FB9006CF444 /* GoogleService-Info.plist */; };
		0E3982C1272AFC5900337CAB /* EyeToggleView.swift in Sources */ = {isa = PBXBuildFile; fileRef = 0E3982C0272AFC5900337CAB /* EyeToggleView.swift */; };
		0E8118DF272C39DD00677C35 /* ButtonNameUtil.swift in Sources */ = {isa = PBXBuildFile; fileRef = 0E8118DE272C39DD00677C35 /* ButtonNameUtil.swift */; };
		0E8118E1272C39E600677C35 /* ErrorMessageUtil.swift in Sources */ = {isa = PBXBuildFile; fileRef = 0E8118E0272C39E600677C35 /* ErrorMessageUtil.swift */; };
		0E8118E3272C39F200677C35 /* ImageNameUtil.swift in Sources */ = {isa = PBXBuildFile; fileRef = 0E8118E2272C39F200677C35 /* ImageNameUtil.swift */; };
		2C0395C42708D63000680E12 /* GoogleSignIn in Frameworks */ = {isa = PBXBuildFile; productRef = 2C0395C32708D63000680E12 /* GoogleSignIn */; };
		2C0395C62708D8EB00680E12 /* Timeline.swift in Sources */ = {isa = PBXBuildFile; fileRef = 2C0395C52708D8EB00680E12 /* Timeline.swift */; };
		2C72A63B2729DB5C009438EF /* UploadView.swift in Sources */ = {isa = PBXBuildFile; fileRef = 2C72A63A2729DB5C009438EF /* UploadView.swift */; };
		3CF44325A979807589AD7649 /* Pods_ICU_Diaries.framework in Frameworks */ = {isa = PBXBuildFile; fileRef = 6A4ABCDD40249C7E1A88AC87 /* Pods_ICU_Diaries.framework */; };
		70FB99A8DA0F972DB2FF877F /* Pods_ICU_DiariesTests.framework in Frameworks */ = {isa = PBXBuildFile; fileRef = AF6FD3FB824C317D60D2C2C7 /* Pods_ICU_DiariesTests.framework */; };
		A5A420966A0BC43D3F2AAC17 /* Pods_ICU_Diaries_ICU_DiariesUITests.framework in Frameworks */ = {isa = PBXBuildFile; fileRef = FC1BEF664E93CE1A47579CFF /* Pods_ICU_Diaries_ICU_DiariesUITests.framework */; };
		AF232EE627076C9000302D47 /* ICU_DiariesApp.swift in Sources */ = {isa = PBXBuildFile; fileRef = AF232EE527076C9000302D47 /* ICU_DiariesApp.swift */; };
		AF232EE827076C9000302D47 /* ContentView.swift in Sources */ = {isa = PBXBuildFile; fileRef = AF232EE727076C9000302D47 /* ContentView.swift */; };
		AF232EEA27076C9100302D47 /* Assets.xcassets in Resources */ = {isa = PBXBuildFile; fileRef = AF232EE927076C9100302D47 /* Assets.xcassets */; };
		AF232EED27076C9100302D47 /* Preview Assets.xcassets in Resources */ = {isa = PBXBuildFile; fileRef = AF232EEC27076C9100302D47 /* Preview Assets.xcassets */; };
		AF232EF827076C9100302D47 /* ICU_DiariesTests.swift in Sources */ = {isa = PBXBuildFile; fileRef = AF232EF727076C9100302D47 /* ICU_DiariesTests.swift */; };
		AF232F0327076C9100302D47 /* ICU_DiariesUITests.swift in Sources */ = {isa = PBXBuildFile; fileRef = AF232F0227076C9100302D47 /* ICU_DiariesUITests.swift */; };
		AF232F1127076EFF00302D47 /* SignUpView.swift in Sources */ = {isa = PBXBuildFile; fileRef = AF232F1027076EFF00302D47 /* SignUpView.swift */; };
		B30904462710B3460001A576 /* LoginView.swift in Sources */ = {isa = PBXBuildFile; fileRef = B30904452710B3460001A576 /* LoginView.swift */; };
		B3B15D0427287A4B00C2F551 /* VerificationView.swift in Sources */ = {isa = PBXBuildFile; fileRef = B3B15D0327287A4B00C2F551 /* VerificationView.swift */; };
		B3BFD43F2719DF7C00793D45 /* DoctorMessageView.swift in Sources */ = {isa = PBXBuildFile; fileRef = B3BFD43E2719DF7C00793D45 /* DoctorMessageView.swift */; };
		B3BFD4412719DF8700793D45 /* SettingsView.swift in Sources */ = {isa = PBXBuildFile; fileRef = B3BFD4402719DF8700793D45 /* SettingsView.swift */; };
		B3BFD4432719DF8E00793D45 /* MainView.swift in Sources */ = {isa = PBXBuildFile; fileRef = B3BFD4422719DF8E00793D45 /* MainView.swift */; };
		B3BFD4452719DFB500793D45 /* FilterView.swift in Sources */ = {isa = PBXBuildFile; fileRef = B3BFD4442719DFB500793D45 /* FilterView.swift */; };
/* End PBXBuildFile section */

/* Begin PBXContainerItemProxy section */
		AF232EF427076C9100302D47 /* PBXContainerItemProxy */ = {
			isa = PBXContainerItemProxy;
			containerPortal = AF232EDA27076C9000302D47 /* Project object */;
			proxyType = 1;
			remoteGlobalIDString = AF232EE127076C9000302D47;
			remoteInfo = "ICU Diaries";
		};
		AF232EFF27076C9100302D47 /* PBXContainerItemProxy */ = {
			isa = PBXContainerItemProxy;
			containerPortal = AF232EDA27076C9000302D47 /* Project object */;
			proxyType = 1;
			remoteGlobalIDString = AF232EE127076C9000302D47;
			remoteInfo = "ICU Diaries";
		};
/* End PBXContainerItemProxy section */

/* Begin PBXFileReference section */
		071A70B8CC81710418CE35BE /* Pods-ICU DiariesTests.release.xcconfig */ = {isa = PBXFileReference; includeInIndex = 1; lastKnownFileType = text.xcconfig; name = "Pods-ICU DiariesTests.release.xcconfig"; path = "Target Support Files/Pods-ICU DiariesTests/Pods-ICU DiariesTests.release.xcconfig"; sourceTree = "<group>"; };
		0E04099A270F6A02006CF444 /* Utilities.swift */ = {isa = PBXFileReference; lastKnownFileType = sourcecode.swift; path = Utilities.swift; sourceTree = "<group>"; };
		0E04099C270F6F54006CF444 /* GoogleService-Info.plist */ = {isa = PBXFileReference; fileEncoding = 4; lastKnownFileType = text.plist.xml; path = "GoogleService-Info.plist"; sourceTree = "<group>"; };
		0E04099E270F6F62006CF444 /* GoogleService-Info.plist */ = {isa = PBXFileReference; fileEncoding = 4; lastKnownFileType = text.plist.xml; path = "GoogleService-Info.plist"; sourceTree = "<group>"; };
		0E0409A0270F6FB9006CF444 /* GoogleService-Info.plist */ = {isa = PBXFileReference; fileEncoding = 4; lastKnownFileType = text.plist.xml; path = "GoogleService-Info.plist"; sourceTree = "<group>"; };
		0E3982C0272AFC5900337CAB /* EyeToggleView.swift */ = {isa = PBXFileReference; fileEncoding = 4; lastKnownFileType = sourcecode.swift; name = EyeToggleView.swift; path = "../../../../ICU-DiariesNew/ICU-Diaries/ICU Diaries/Helpers/EyeToggleView.swift"; sourceTree = "<group>"; };
		0E8118DE272C39DD00677C35 /* ButtonNameUtil.swift */ = {isa = PBXFileReference; fileEncoding = 4; lastKnownFileType = sourcecode.swift; path = ButtonNameUtil.swift; sourceTree = "<group>"; };
		0E8118E0272C39E600677C35 /* ErrorMessageUtil.swift */ = {isa = PBXFileReference; fileEncoding = 4; lastKnownFileType = sourcecode.swift; path = ErrorMessageUtil.swift; sourceTree = "<group>"; };
		0E8118E2272C39F200677C35 /* ImageNameUtil.swift */ = {isa = PBXFileReference; fileEncoding = 4; lastKnownFileType = sourcecode.swift; path = ImageNameUtil.swift; sourceTree = "<group>"; };
		26729F0EA491069DB1DDA800 /* Pods-ICU Diaries-ICU DiariesUITests.debug.xcconfig */ = {isa = PBXFileReference; includeInIndex = 1; lastKnownFileType = text.xcconfig; name = "Pods-ICU Diaries-ICU DiariesUITests.debug.xcconfig"; path = "Target Support Files/Pods-ICU Diaries-ICU DiariesUITests/Pods-ICU Diaries-ICU DiariesUITests.debug.xcconfig"; sourceTree = "<group>"; };
		2C0395C52708D8EB00680E12 /* Timeline.swift */ = {isa = PBXFileReference; lastKnownFileType = sourcecode.swift; path = Timeline.swift; sourceTree = "<group>"; };
		2C72A63A2729DB5C009438EF /* UploadView.swift */ = {isa = PBXFileReference; lastKnownFileType = sourcecode.swift; path = UploadView.swift; sourceTree = "<group>"; };
		58D57EE88B2E68E0A3809A1A /* Pods-ICU Diaries.debug.xcconfig */ = {isa = PBXFileReference; includeInIndex = 1; lastKnownFileType = text.xcconfig; name = "Pods-ICU Diaries.debug.xcconfig"; path = "Target Support Files/Pods-ICU Diaries/Pods-ICU Diaries.debug.xcconfig"; sourceTree = "<group>"; };
		6A4ABCDD40249C7E1A88AC87 /* Pods_ICU_Diaries.framework */ = {isa = PBXFileReference; explicitFileType = wrapper.framework; includeInIndex = 0; path = Pods_ICU_Diaries.framework; sourceTree = BUILT_PRODUCTS_DIR; };
		6E33F45ED48356ABBCF32409 /* Pods-ICU Diaries.release.xcconfig */ = {isa = PBXFileReference; includeInIndex = 1; lastKnownFileType = text.xcconfig; name = "Pods-ICU Diaries.release.xcconfig"; path = "Target Support Files/Pods-ICU Diaries/Pods-ICU Diaries.release.xcconfig"; sourceTree = "<group>"; };
		AF232EE227076C9000302D47 /* ICU Diaries.app */ = {isa = PBXFileReference; explicitFileType = wrapper.application; includeInIndex = 0; path = "ICU Diaries.app"; sourceTree = BUILT_PRODUCTS_DIR; };
		AF232EE527076C9000302D47 /* ICU_DiariesApp.swift */ = {isa = PBXFileReference; lastKnownFileType = sourcecode.swift; path = ICU_DiariesApp.swift; sourceTree = "<group>"; };
		AF232EE727076C9000302D47 /* ContentView.swift */ = {isa = PBXFileReference; lastKnownFileType = sourcecode.swift; path = ContentView.swift; sourceTree = "<group>"; };
		AF232EE927076C9100302D47 /* Assets.xcassets */ = {isa = PBXFileReference; lastKnownFileType = folder.assetcatalog; path = Assets.xcassets; sourceTree = "<group>"; };
		AF232EEC27076C9100302D47 /* Preview Assets.xcassets */ = {isa = PBXFileReference; lastKnownFileType = folder.assetcatalog; path = "Preview Assets.xcassets"; sourceTree = "<group>"; };
		AF232EEE27076C9100302D47 /* Info.plist */ = {isa = PBXFileReference; lastKnownFileType = text.plist.xml; path = Info.plist; sourceTree = "<group>"; };
		AF232EF327076C9100302D47 /* ICU DiariesTests.xctest */ = {isa = PBXFileReference; explicitFileType = wrapper.cfbundle; includeInIndex = 0; path = "ICU DiariesTests.xctest"; sourceTree = BUILT_PRODUCTS_DIR; };
		AF232EF727076C9100302D47 /* ICU_DiariesTests.swift */ = {isa = PBXFileReference; lastKnownFileType = sourcecode.swift; path = ICU_DiariesTests.swift; sourceTree = "<group>"; };
		AF232EF927076C9100302D47 /* Info.plist */ = {isa = PBXFileReference; lastKnownFileType = text.plist.xml; path = Info.plist; sourceTree = "<group>"; };
		AF232EFE27076C9100302D47 /* ICU DiariesUITests.xctest */ = {isa = PBXFileReference; explicitFileType = wrapper.cfbundle; includeInIndex = 0; path = "ICU DiariesUITests.xctest"; sourceTree = BUILT_PRODUCTS_DIR; };
		AF232F0227076C9100302D47 /* ICU_DiariesUITests.swift */ = {isa = PBXFileReference; lastKnownFileType = sourcecode.swift; path = ICU_DiariesUITests.swift; sourceTree = "<group>"; };
		AF232F0427076C9100302D47 /* Info.plist */ = {isa = PBXFileReference; lastKnownFileType = text.plist.xml; path = Info.plist; sourceTree = "<group>"; };
		AF232F1027076EFF00302D47 /* SignUpView.swift */ = {isa = PBXFileReference; lastKnownFileType = sourcecode.swift; path = SignUpView.swift; sourceTree = "<group>"; };
		AF6FD3FB824C317D60D2C2C7 /* Pods_ICU_DiariesTests.framework */ = {isa = PBXFileReference; explicitFileType = wrapper.framework; includeInIndex = 0; path = Pods_ICU_DiariesTests.framework; sourceTree = BUILT_PRODUCTS_DIR; };
		B30904452710B3460001A576 /* LoginView.swift */ = {isa = PBXFileReference; lastKnownFileType = sourcecode.swift; path = LoginView.swift; sourceTree = "<group>"; };
		B3B15D0327287A4B00C2F551 /* VerificationView.swift */ = {isa = PBXFileReference; lastKnownFileType = sourcecode.swift; path = VerificationView.swift; sourceTree = "<group>"; };
		B3BFD43E2719DF7C00793D45 /* DoctorMessageView.swift */ = {isa = PBXFileReference; fileEncoding = 4; lastKnownFileType = sourcecode.swift; path = DoctorMessageView.swift; sourceTree = "<group>"; };
		B3BFD4402719DF8700793D45 /* SettingsView.swift */ = {isa = PBXFileReference; fileEncoding = 4; lastKnownFileType = sourcecode.swift; path = SettingsView.swift; sourceTree = "<group>"; };
		B3BFD4422719DF8E00793D45 /* MainView.swift */ = {isa = PBXFileReference; fileEncoding = 4; lastKnownFileType = sourcecode.swift; path = MainView.swift; sourceTree = "<group>"; };
		B3BFD4442719DFB500793D45 /* FilterView.swift */ = {isa = PBXFileReference; fileEncoding = 4; lastKnownFileType = sourcecode.swift; path = FilterView.swift; sourceTree = "<group>"; };
		BF463A9988424A7A364BD7C8 /* Pods-ICU Diaries-ICU DiariesUITests.release.xcconfig */ = {isa = PBXFileReference; includeInIndex = 1; lastKnownFileType = text.xcconfig; name = "Pods-ICU Diaries-ICU DiariesUITests.release.xcconfig"; path = "Target Support Files/Pods-ICU Diaries-ICU DiariesUITests/Pods-ICU Diaries-ICU DiariesUITests.release.xcconfig"; sourceTree = "<group>"; };
		F9CB8241083E21257490D247 /* Pods-ICU DiariesTests.debug.xcconfig */ = {isa = PBXFileReference; includeInIndex = 1; lastKnownFileType = text.xcconfig; name = "Pods-ICU DiariesTests.debug.xcconfig"; path = "Target Support Files/Pods-ICU DiariesTests/Pods-ICU DiariesTests.debug.xcconfig"; sourceTree = "<group>"; };
		FC1BEF664E93CE1A47579CFF /* Pods_ICU_Diaries_ICU_DiariesUITests.framework */ = {isa = PBXFileReference; explicitFileType = wrapper.framework; includeInIndex = 0; path = Pods_ICU_Diaries_ICU_DiariesUITests.framework; sourceTree = BUILT_PRODUCTS_DIR; };
/* End PBXFileReference section */

/* Begin PBXFrameworksBuildPhase section */
		AF232EDF27076C9000302D47 /* Frameworks */ = {
			isa = PBXFrameworksBuildPhase;
			buildActionMask = 2147483647;
			files = (
				2C0395C42708D63000680E12 /* GoogleSignIn in Frameworks */,
				3CF44325A979807589AD7649 /* Pods_ICU_Diaries.framework in Frameworks */,
			);
			runOnlyForDeploymentPostprocessing = 0;
		};
		AF232EF027076C9100302D47 /* Frameworks */ = {
			isa = PBXFrameworksBuildPhase;
			buildActionMask = 2147483647;
			files = (
				70FB99A8DA0F972DB2FF877F /* Pods_ICU_DiariesTests.framework in Frameworks */,
			);
			runOnlyForDeploymentPostprocessing = 0;
		};
		AF232EFB27076C9100302D47 /* Frameworks */ = {
			isa = PBXFrameworksBuildPhase;
			buildActionMask = 2147483647;
			files = (
				A5A420966A0BC43D3F2AAC17 /* Pods_ICU_Diaries_ICU_DiariesUITests.framework in Frameworks */,
			);
			runOnlyForDeploymentPostprocessing = 0;
		};
/* End PBXFrameworksBuildPhase section */

/* Begin PBXGroup section */
		0E0409A2270F87CB006CF444 /* Helpers */ = {
			isa = PBXGroup;
			children = (
				0E8118E2272C39F200677C35 /* ImageNameUtil.swift */,
				0E8118E0272C39E600677C35 /* ErrorMessageUtil.swift */,
				0E8118DE272C39DD00677C35 /* ButtonNameUtil.swift */,
				0E3982C0272AFC5900337CAB /* EyeToggleView.swift */,
				0E04099A270F6A02006CF444 /* Utilities.swift */,
			);
			path = Helpers;
			sourceTree = "<group>";
		};
		AF232ED927076C9000302D47 = {
			isa = PBXGroup;
			children = (
				AF232EE427076C9000302D47 /* ICU Diaries */,
				AF232EF627076C9100302D47 /* ICU DiariesTests */,
				AF232F0127076C9100302D47 /* ICU DiariesUITests */,
				AF232EE327076C9000302D47 /* Products */,
				CD7F4197E7FFB45EF03568B8 /* Pods */,
				D6B00FA0067E9E18F6A96B56 /* Frameworks */,
			);
			sourceTree = "<group>";
		};
		AF232EE327076C9000302D47 /* Products */ = {
			isa = PBXGroup;
			children = (
				AF232EE227076C9000302D47 /* ICU Diaries.app */,
				AF232EF327076C9100302D47 /* ICU DiariesTests.xctest */,
				AF232EFE27076C9100302D47 /* ICU DiariesUITests.xctest */,
			);
			name = Products;
			sourceTree = "<group>";
		};
		AF232EE427076C9000302D47 /* ICU Diaries */ = {
			isa = PBXGroup;
			children = (
				0E0409A2270F87CB006CF444 /* Helpers */,
				0E04099C270F6F54006CF444 /* GoogleService-Info.plist */,
				AF232EE527076C9000302D47 /* ICU_DiariesApp.swift */,
				AF232EE727076C9000302D47 /* ContentView.swift */,
				AF232F1027076EFF00302D47 /* SignUpView.swift */,
				B30904452710B3460001A576 /* LoginView.swift */,
				B3B15D0327287A4B00C2F551 /* VerificationView.swift */,
				B3BFD43E2719DF7C00793D45 /* DoctorMessageView.swift */,
				2C72A63A2729DB5C009438EF /* UploadView.swift */,
				B3BFD4402719DF8700793D45 /* SettingsView.swift */,
				B3BFD4422719DF8E00793D45 /* MainView.swift */,
				2C0395C52708D8EB00680E12 /* Timeline.swift */,
				B3BFD4442719DFB500793D45 /* FilterView.swift */,
				AF232EE927076C9100302D47 /* Assets.xcassets */,
				AF232EEE27076C9100302D47 /* Info.plist */,
				AF232EEB27076C9100302D47 /* Preview Content */,
			);
			path = "ICU Diaries";
			sourceTree = "<group>";
		};
		AF232EEB27076C9100302D47 /* Preview Content */ = {
			isa = PBXGroup;
			children = (
				AF232EEC27076C9100302D47 /* Preview Assets.xcassets */,
			);
			path = "Preview Content";
			sourceTree = "<group>";
		};
		AF232EF627076C9100302D47 /* ICU DiariesTests */ = {
			isa = PBXGroup;
			children = (
				0E04099E270F6F62006CF444 /* GoogleService-Info.plist */,
				AF232EF727076C9100302D47 /* ICU_DiariesTests.swift */,
				AF232EF927076C9100302D47 /* Info.plist */,
			);
			path = "ICU DiariesTests";
			sourceTree = "<group>";
		};
		AF232F0127076C9100302D47 /* ICU DiariesUITests */ = {
			isa = PBXGroup;
			children = (
				0E0409A0270F6FB9006CF444 /* GoogleService-Info.plist */,
				AF232F0227076C9100302D47 /* ICU_DiariesUITests.swift */,
				AF232F0427076C9100302D47 /* Info.plist */,
			);
			path = "ICU DiariesUITests";
			sourceTree = "<group>";
		};
		CD7F4197E7FFB45EF03568B8 /* Pods */ = {
			isa = PBXGroup;
			children = (
				58D57EE88B2E68E0A3809A1A /* Pods-ICU Diaries.debug.xcconfig */,
				6E33F45ED48356ABBCF32409 /* Pods-ICU Diaries.release.xcconfig */,
				26729F0EA491069DB1DDA800 /* Pods-ICU Diaries-ICU DiariesUITests.debug.xcconfig */,
				BF463A9988424A7A364BD7C8 /* Pods-ICU Diaries-ICU DiariesUITests.release.xcconfig */,
				F9CB8241083E21257490D247 /* Pods-ICU DiariesTests.debug.xcconfig */,
				071A70B8CC81710418CE35BE /* Pods-ICU DiariesTests.release.xcconfig */,
			);
			path = Pods;
			sourceTree = "<group>";
		};
		D6B00FA0067E9E18F6A96B56 /* Frameworks */ = {
			isa = PBXGroup;
			children = (
				6A4ABCDD40249C7E1A88AC87 /* Pods_ICU_Diaries.framework */,
				FC1BEF664E93CE1A47579CFF /* Pods_ICU_Diaries_ICU_DiariesUITests.framework */,
				AF6FD3FB824C317D60D2C2C7 /* Pods_ICU_DiariesTests.framework */,
			);
			name = Frameworks;
			sourceTree = "<group>";
		};
/* End PBXGroup section */

/* Begin PBXNativeTarget section */
		AF232EE127076C9000302D47 /* ICU Diaries */ = {
			isa = PBXNativeTarget;
			buildConfigurationList = AF232F0727076C9100302D47 /* Build configuration list for PBXNativeTarget "ICU Diaries" */;
			buildPhases = (
				24A881B157D49B45793F126E /* [CP] Check Pods Manifest.lock */,
				AF232EDE27076C9000302D47 /* Sources */,
				AF232EDF27076C9000302D47 /* Frameworks */,
				AF232EE027076C9000302D47 /* Resources */,
				79BAFE4E56394220434CC82C /* [CP] Embed Pods Frameworks */,
			);
			buildRules = (
			);
			dependencies = (
			);
			name = "ICU Diaries";
			packageProductDependencies = (
				2C0395C32708D63000680E12 /* GoogleSignIn */,
			);
			productName = "ICU Diaries";
			productReference = AF232EE227076C9000302D47 /* ICU Diaries.app */;
			productType = "com.apple.product-type.application";
		};
		AF232EF227076C9100302D47 /* ICU DiariesTests */ = {
			isa = PBXNativeTarget;
			buildConfigurationList = AF232F0A27076C9100302D47 /* Build configuration list for PBXNativeTarget "ICU DiariesTests" */;
			buildPhases = (
				C4170BFB1154B6D39E4C785A /* [CP] Check Pods Manifest.lock */,
				AF232EEF27076C9100302D47 /* Sources */,
				AF232EF027076C9100302D47 /* Frameworks */,
				AF232EF127076C9100302D47 /* Resources */,
			);
			buildRules = (
			);
			dependencies = (
				AF232EF527076C9100302D47 /* PBXTargetDependency */,
			);
			name = "ICU DiariesTests";
			productName = "ICU DiariesTests";
			productReference = AF232EF327076C9100302D47 /* ICU DiariesTests.xctest */;
			productType = "com.apple.product-type.bundle.unit-test";
		};
		AF232EFD27076C9100302D47 /* ICU DiariesUITests */ = {
			isa = PBXNativeTarget;
			buildConfigurationList = AF232F0D27076C9100302D47 /* Build configuration list for PBXNativeTarget "ICU DiariesUITests" */;
			buildPhases = (
				5A2E161E1DC673D28BA1CE6A /* [CP] Check Pods Manifest.lock */,
				AF232EFA27076C9100302D47 /* Sources */,
				AF232EFB27076C9100302D47 /* Frameworks */,
				AF232EFC27076C9100302D47 /* Resources */,
				D799536D5FA74E34C207A150 /* [CP] Embed Pods Frameworks */,
			);
			buildRules = (
			);
			dependencies = (
				AF232F0027076C9100302D47 /* PBXTargetDependency */,
			);
			name = "ICU DiariesUITests";
			productName = "ICU DiariesUITests";
			productReference = AF232EFE27076C9100302D47 /* ICU DiariesUITests.xctest */;
			productType = "com.apple.product-type.bundle.ui-testing";
		};
/* End PBXNativeTarget section */

/* Begin PBXProject section */
		AF232EDA27076C9000302D47 /* Project object */ = {
			isa = PBXProject;
			attributes = {
				LastSwiftUpdateCheck = 1250;
				LastUpgradeCheck = 1250;
				TargetAttributes = {
					AF232EE127076C9000302D47 = {
						CreatedOnToolsVersion = 12.5.1;
					};
					AF232EF227076C9100302D47 = {
						CreatedOnToolsVersion = 12.5.1;
						TestTargetID = AF232EE127076C9000302D47;
					};
					AF232EFD27076C9100302D47 = {
						CreatedOnToolsVersion = 12.5.1;
						TestTargetID = AF232EE127076C9000302D47;
					};
				};
			};
			buildConfigurationList = AF232EDD27076C9000302D47 /* Build configuration list for PBXProject "ICU Diaries" */;
			compatibilityVersion = "Xcode 9.3";
			developmentRegion = en;
			hasScannedForEncodings = 0;
			knownRegions = (
				en,
				Base,
			);
			mainGroup = AF232ED927076C9000302D47;
			packageReferences = (
				2C0395C22708D63000680E12 /* XCRemoteSwiftPackageReference "GoogleSignIn-iOS" */,
			);
			productRefGroup = AF232EE327076C9000302D47 /* Products */;
			projectDirPath = "";
			projectRoot = "";
			targets = (
				AF232EE127076C9000302D47 /* ICU Diaries */,
				AF232EF227076C9100302D47 /* ICU DiariesTests */,
				AF232EFD27076C9100302D47 /* ICU DiariesUITests */,
			);
		};
/* End PBXProject section */

/* Begin PBXResourcesBuildPhase section */
		AF232EE027076C9000302D47 /* Resources */ = {
			isa = PBXResourcesBuildPhase;
			buildActionMask = 2147483647;
			files = (
				AF232EED27076C9100302D47 /* Preview Assets.xcassets in Resources */,
				AF232EEA27076C9100302D47 /* Assets.xcassets in Resources */,
				0E04099D270F6F54006CF444 /* GoogleService-Info.plist in Resources */,
			);
			runOnlyForDeploymentPostprocessing = 0;
		};
		AF232EF127076C9100302D47 /* Resources */ = {
			isa = PBXResourcesBuildPhase;
			buildActionMask = 2147483647;
			files = (
				0E04099F270F6F62006CF444 /* GoogleService-Info.plist in Resources */,
			);
			runOnlyForDeploymentPostprocessing = 0;
		};
		AF232EFC27076C9100302D47 /* Resources */ = {
			isa = PBXResourcesBuildPhase;
			buildActionMask = 2147483647;
			files = (
				0E0409A1270F6FB9006CF444 /* GoogleService-Info.plist in Resources */,
			);
			runOnlyForDeploymentPostprocessing = 0;
		};
/* End PBXResourcesBuildPhase section */

/* Begin PBXShellScriptBuildPhase section */
		24A881B157D49B45793F126E /* [CP] Check Pods Manifest.lock */ = {
			isa = PBXShellScriptBuildPhase;
			buildActionMask = 2147483647;
			files = (
			);
			inputFileListPaths = (
			);
			inputPaths = (
				"${PODS_PODFILE_DIR_PATH}/Podfile.lock",
				"${PODS_ROOT}/Manifest.lock",
			);
			name = "[CP] Check Pods Manifest.lock";
			outputFileListPaths = (
			);
			outputPaths = (
				"$(DERIVED_FILE_DIR)/Pods-ICU Diaries-checkManifestLockResult.txt",
			);
			runOnlyForDeploymentPostprocessing = 0;
			shellPath = /bin/sh;
			shellScript = "diff \"${PODS_PODFILE_DIR_PATH}/Podfile.lock\" \"${PODS_ROOT}/Manifest.lock\" > /dev/null\nif [ $? != 0 ] ; then\n    # print error to STDERR\n    echo \"error: The sandbox is not in sync with the Podfile.lock. Run 'pod install' or update your CocoaPods installation.\" >&2\n    exit 1\nfi\n# This output is used by Xcode 'outputs' to avoid re-running this script phase.\necho \"SUCCESS\" > \"${SCRIPT_OUTPUT_FILE_0}\"\n";
			showEnvVarsInLog = 0;
		};
		5A2E161E1DC673D28BA1CE6A /* [CP] Check Pods Manifest.lock */ = {
			isa = PBXShellScriptBuildPhase;
			buildActionMask = 2147483647;
			files = (
			);
			inputFileListPaths = (
			);
			inputPaths = (
				"${PODS_PODFILE_DIR_PATH}/Podfile.lock",
				"${PODS_ROOT}/Manifest.lock",
			);
			name = "[CP] Check Pods Manifest.lock";
			outputFileListPaths = (
			);
			outputPaths = (
				"$(DERIVED_FILE_DIR)/Pods-ICU Diaries-ICU DiariesUITests-checkManifestLockResult.txt",
			);
			runOnlyForDeploymentPostprocessing = 0;
			shellPath = /bin/sh;
			shellScript = "diff \"${PODS_PODFILE_DIR_PATH}/Podfile.lock\" \"${PODS_ROOT}/Manifest.lock\" > /dev/null\nif [ $? != 0 ] ; then\n    # print error to STDERR\n    echo \"error: The sandbox is not in sync with the Podfile.lock. Run 'pod install' or update your CocoaPods installation.\" >&2\n    exit 1\nfi\n# This output is used by Xcode 'outputs' to avoid re-running this script phase.\necho \"SUCCESS\" > \"${SCRIPT_OUTPUT_FILE_0}\"\n";
			showEnvVarsInLog = 0;
		};
		79BAFE4E56394220434CC82C /* [CP] Embed Pods Frameworks */ = {
			isa = PBXShellScriptBuildPhase;
			buildActionMask = 2147483647;
			files = (
			);
			inputFileListPaths = (
				"${PODS_ROOT}/Target Support Files/Pods-ICU Diaries/Pods-ICU Diaries-frameworks-${CONFIGURATION}-input-files.xcfilelist",
			);
			name = "[CP] Embed Pods Frameworks";
			outputFileListPaths = (
				"${PODS_ROOT}/Target Support Files/Pods-ICU Diaries/Pods-ICU Diaries-frameworks-${CONFIGURATION}-output-files.xcfilelist",
			);
			runOnlyForDeploymentPostprocessing = 0;
			shellPath = /bin/sh;
			shellScript = "\"${PODS_ROOT}/Target Support Files/Pods-ICU Diaries/Pods-ICU Diaries-frameworks.sh\"\n";
			showEnvVarsInLog = 0;
		};
		C4170BFB1154B6D39E4C785A /* [CP] Check Pods Manifest.lock */ = {
			isa = PBXShellScriptBuildPhase;
			buildActionMask = 2147483647;
			files = (
			);
			inputFileListPaths = (
			);
			inputPaths = (
				"${PODS_PODFILE_DIR_PATH}/Podfile.lock",
				"${PODS_ROOT}/Manifest.lock",
			);
			name = "[CP] Check Pods Manifest.lock";
			outputFileListPaths = (
			);
			outputPaths = (
				"$(DERIVED_FILE_DIR)/Pods-ICU DiariesTests-checkManifestLockResult.txt",
			);
			runOnlyForDeploymentPostprocessing = 0;
			shellPath = /bin/sh;
			shellScript = "diff \"${PODS_PODFILE_DIR_PATH}/Podfile.lock\" \"${PODS_ROOT}/Manifest.lock\" > /dev/null\nif [ $? != 0 ] ; then\n    # print error to STDERR\n    echo \"error: The sandbox is not in sync with the Podfile.lock. Run 'pod install' or update your CocoaPods installation.\" >&2\n    exit 1\nfi\n# This output is used by Xcode 'outputs' to avoid re-running this script phase.\necho \"SUCCESS\" > \"${SCRIPT_OUTPUT_FILE_0}\"\n";
			showEnvVarsInLog = 0;
		};
		D799536D5FA74E34C207A150 /* [CP] Embed Pods Frameworks */ = {
			isa = PBXShellScriptBuildPhase;
			buildActionMask = 2147483647;
			files = (
			);
			inputFileListPaths = (
				"${PODS_ROOT}/Target Support Files/Pods-ICU Diaries-ICU DiariesUITests/Pods-ICU Diaries-ICU DiariesUITests-frameworks-${CONFIGURATION}-input-files.xcfilelist",
			);
			name = "[CP] Embed Pods Frameworks";
			outputFileListPaths = (
				"${PODS_ROOT}/Target Support Files/Pods-ICU Diaries-ICU DiariesUITests/Pods-ICU Diaries-ICU DiariesUITests-frameworks-${CONFIGURATION}-output-files.xcfilelist",
			);
			runOnlyForDeploymentPostprocessing = 0;
			shellPath = /bin/sh;
			shellScript = "\"${PODS_ROOT}/Target Support Files/Pods-ICU Diaries-ICU DiariesUITests/Pods-ICU Diaries-ICU DiariesUITests-frameworks.sh\"\n";
			showEnvVarsInLog = 0;
		};
/* End PBXShellScriptBuildPhase section */

/* Begin PBXSourcesBuildPhase section */
		AF232EDE27076C9000302D47 /* Sources */ = {
			isa = PBXSourcesBuildPhase;
			buildActionMask = 2147483647;
			files = (
				0E8118E3272C39F200677C35 /* ImageNameUtil.swift in Sources */,
				B30904462710B3460001A576 /* LoginView.swift in Sources */,
				B3BFD4432719DF8E00793D45 /* MainView.swift in Sources */,
				B3BFD4412719DF8700793D45 /* SettingsView.swift in Sources */,
				2C72A63B2729DB5C009438EF /* UploadView.swift in Sources */,
				2C0395C62708D8EB00680E12 /* Timeline.swift in Sources */,
				AF232EE827076C9000302D47 /* ContentView.swift in Sources */,
				0E3982C1272AFC5900337CAB /* EyeToggleView.swift in Sources */,
				B3BFD43F2719DF7C00793D45 /* DoctorMessageView.swift in Sources */,
				AF232F1127076EFF00302D47 /* SignUpView.swift in Sources */,
				0E04099B270F6A02006CF444 /* Utilities.swift in Sources */,
				B3B15D0427287A4B00C2F551 /* VerificationView.swift in Sources */,
				B3BFD4452719DFB500793D45 /* FilterView.swift in Sources */,
				0E8118DF272C39DD00677C35 /* ButtonNameUtil.swift in Sources */,
				0E8118E1272C39E600677C35 /* ErrorMessageUtil.swift in Sources */,
				AF232EE627076C9000302D47 /* ICU_DiariesApp.swift in Sources */,
			);
			runOnlyForDeploymentPostprocessing = 0;
		};
		AF232EEF27076C9100302D47 /* Sources */ = {
			isa = PBXSourcesBuildPhase;
			buildActionMask = 2147483647;
			files = (
				AF232EF827076C9100302D47 /* ICU_DiariesTests.swift in Sources */,
			);
			runOnlyForDeploymentPostprocessing = 0;
		};
		AF232EFA27076C9100302D47 /* Sources */ = {
			isa = PBXSourcesBuildPhase;
			buildActionMask = 2147483647;
			files = (
				AF232F0327076C9100302D47 /* ICU_DiariesUITests.swift in Sources */,
			);
			runOnlyForDeploymentPostprocessing = 0;
		};
/* End PBXSourcesBuildPhase section */

/* Begin PBXTargetDependency section */
		AF232EF527076C9100302D47 /* PBXTargetDependency */ = {
			isa = PBXTargetDependency;
			target = AF232EE127076C9000302D47 /* ICU Diaries */;
			targetProxy = AF232EF427076C9100302D47 /* PBXContainerItemProxy */;
		};
		AF232F0027076C9100302D47 /* PBXTargetDependency */ = {
			isa = PBXTargetDependency;
			target = AF232EE127076C9000302D47 /* ICU Diaries */;
			targetProxy = AF232EFF27076C9100302D47 /* PBXContainerItemProxy */;
		};
/* End PBXTargetDependency section */

/* Begin XCBuildConfiguration section */
		AF232F0527076C9100302D47 /* Debug */ = {
			isa = XCBuildConfiguration;
			buildSettings = {
				ALWAYS_SEARCH_USER_PATHS = NO;
				CLANG_ANALYZER_NONNULL = YES;
				CLANG_ANALYZER_NUMBER_OBJECT_CONVERSION = YES_AGGRESSIVE;
				CLANG_CXX_LANGUAGE_STANDARD = "gnu++14";
				CLANG_CXX_LIBRARY = "libc++";
				CLANG_ENABLE_MODULES = YES;
				CLANG_ENABLE_OBJC_ARC = YES;
				CLANG_ENABLE_OBJC_WEAK = YES;
				CLANG_WARN_BLOCK_CAPTURE_AUTORELEASING = YES;
				CLANG_WARN_BOOL_CONVERSION = YES;
				CLANG_WARN_COMMA = YES;
				CLANG_WARN_CONSTANT_CONVERSION = YES;
				CLANG_WARN_DEPRECATED_OBJC_IMPLEMENTATIONS = YES;
				CLANG_WARN_DIRECT_OBJC_ISA_USAGE = YES_ERROR;
				CLANG_WARN_DOCUMENTATION_COMMENTS = YES;
				CLANG_WARN_EMPTY_BODY = YES;
				CLANG_WARN_ENUM_CONVERSION = YES;
				CLANG_WARN_INFINITE_RECURSION = YES;
				CLANG_WARN_INT_CONVERSION = YES;
				CLANG_WARN_NON_LITERAL_NULL_CONVERSION = YES;
				CLANG_WARN_OBJC_IMPLICIT_RETAIN_SELF = YES;
				CLANG_WARN_OBJC_LITERAL_CONVERSION = YES;
				CLANG_WARN_OBJC_ROOT_CLASS = YES_ERROR;
				CLANG_WARN_QUOTED_INCLUDE_IN_FRAMEWORK_HEADER = YES;
				CLANG_WARN_RANGE_LOOP_ANALYSIS = YES;
				CLANG_WARN_STRICT_PROTOTYPES = YES;
				CLANG_WARN_SUSPICIOUS_MOVE = YES;
				CLANG_WARN_UNGUARDED_AVAILABILITY = YES_AGGRESSIVE;
				CLANG_WARN_UNREACHABLE_CODE = YES;
				CLANG_WARN__DUPLICATE_METHOD_MATCH = YES;
				COPY_PHASE_STRIP = NO;
				DEBUG_INFORMATION_FORMAT = dwarf;
				ENABLE_STRICT_OBJC_MSGSEND = YES;
				ENABLE_TESTABILITY = YES;
				GCC_C_LANGUAGE_STANDARD = gnu11;
				GCC_DYNAMIC_NO_PIC = NO;
				GCC_NO_COMMON_BLOCKS = YES;
				GCC_OPTIMIZATION_LEVEL = 0;
				GCC_PREPROCESSOR_DEFINITIONS = (
					"DEBUG=1",
					"$(inherited)",
				);
				GCC_WARN_64_TO_32_BIT_CONVERSION = YES;
				GCC_WARN_ABOUT_RETURN_TYPE = YES_ERROR;
				GCC_WARN_UNDECLARED_SELECTOR = YES;
				GCC_WARN_UNINITIALIZED_AUTOS = YES_AGGRESSIVE;
				GCC_WARN_UNUSED_FUNCTION = YES;
				GCC_WARN_UNUSED_VARIABLE = YES;
				IPHONEOS_DEPLOYMENT_TARGET = 14.5;
				MTL_ENABLE_DEBUG_INFO = INCLUDE_SOURCE;
				MTL_FAST_MATH = YES;
				ONLY_ACTIVE_ARCH = YES;
				SDKROOT = iphoneos;
				SWIFT_ACTIVE_COMPILATION_CONDITIONS = DEBUG;
				SWIFT_OPTIMIZATION_LEVEL = "-Onone";
			};
			name = Debug;
		};
		AF232F0627076C9100302D47 /* Release */ = {
			isa = XCBuildConfiguration;
			buildSettings = {
				ALWAYS_SEARCH_USER_PATHS = NO;
				CLANG_ANALYZER_NONNULL = YES;
				CLANG_ANALYZER_NUMBER_OBJECT_CONVERSION = YES_AGGRESSIVE;
				CLANG_CXX_LANGUAGE_STANDARD = "gnu++14";
				CLANG_CXX_LIBRARY = "libc++";
				CLANG_ENABLE_MODULES = YES;
				CLANG_ENABLE_OBJC_ARC = YES;
				CLANG_ENABLE_OBJC_WEAK = YES;
				CLANG_WARN_BLOCK_CAPTURE_AUTORELEASING = YES;
				CLANG_WARN_BOOL_CONVERSION = YES;
				CLANG_WARN_COMMA = YES;
				CLANG_WARN_CONSTANT_CONVERSION = YES;
				CLANG_WARN_DEPRECATED_OBJC_IMPLEMENTATIONS = YES;
				CLANG_WARN_DIRECT_OBJC_ISA_USAGE = YES_ERROR;
				CLANG_WARN_DOCUMENTATION_COMMENTS = YES;
				CLANG_WARN_EMPTY_BODY = YES;
				CLANG_WARN_ENUM_CONVERSION = YES;
				CLANG_WARN_INFINITE_RECURSION = YES;
				CLANG_WARN_INT_CONVERSION = YES;
				CLANG_WARN_NON_LITERAL_NULL_CONVERSION = YES;
				CLANG_WARN_OBJC_IMPLICIT_RETAIN_SELF = YES;
				CLANG_WARN_OBJC_LITERAL_CONVERSION = YES;
				CLANG_WARN_OBJC_ROOT_CLASS = YES_ERROR;
				CLANG_WARN_QUOTED_INCLUDE_IN_FRAMEWORK_HEADER = YES;
				CLANG_WARN_RANGE_LOOP_ANALYSIS = YES;
				CLANG_WARN_STRICT_PROTOTYPES = YES;
				CLANG_WARN_SUSPICIOUS_MOVE = YES;
				CLANG_WARN_UNGUARDED_AVAILABILITY = YES_AGGRESSIVE;
				CLANG_WARN_UNREACHABLE_CODE = YES;
				CLANG_WARN__DUPLICATE_METHOD_MATCH = YES;
				COPY_PHASE_STRIP = NO;
				DEBUG_INFORMATION_FORMAT = "dwarf-with-dsym";
				ENABLE_NS_ASSERTIONS = NO;
				ENABLE_STRICT_OBJC_MSGSEND = YES;
				GCC_C_LANGUAGE_STANDARD = gnu11;
				GCC_NO_COMMON_BLOCKS = YES;
				GCC_WARN_64_TO_32_BIT_CONVERSION = YES;
				GCC_WARN_ABOUT_RETURN_TYPE = YES_ERROR;
				GCC_WARN_UNDECLARED_SELECTOR = YES;
				GCC_WARN_UNINITIALIZED_AUTOS = YES_AGGRESSIVE;
				GCC_WARN_UNUSED_FUNCTION = YES;
				GCC_WARN_UNUSED_VARIABLE = YES;
				IPHONEOS_DEPLOYMENT_TARGET = 14.5;
				MTL_ENABLE_DEBUG_INFO = NO;
				MTL_FAST_MATH = YES;
				SDKROOT = iphoneos;
				SWIFT_COMPILATION_MODE = wholemodule;
				SWIFT_OPTIMIZATION_LEVEL = "-O";
				VALIDATE_PRODUCT = YES;
			};
			name = Release;
		};
		AF232F0827076C9100302D47 /* Debug */ = {
			isa = XCBuildConfiguration;
			baseConfigurationReference = 58D57EE88B2E68E0A3809A1A /* Pods-ICU Diaries.debug.xcconfig */;
			buildSettings = {
				ASSETCATALOG_COMPILER_APPICON_NAME = AppIcon;
				ASSETCATALOG_COMPILER_GLOBAL_ACCENT_COLOR_NAME = AccentColor;
				CODE_SIGN_STYLE = Automatic;
				DEVELOPMENT_ASSET_PATHS = "\"ICU Diaries/Preview Content\"";
				DEVELOPMENT_TEAM = X7ZH97JK3Q;
				ENABLE_PREVIEWS = YES;
				INFOPLIST_FILE = "ICU Diaries/Info.plist";
				IPHONEOS_DEPLOYMENT_TARGET = 14.0;
				LD_RUNPATH_SEARCH_PATHS = (
					"$(inherited)",
					"@executable_path/Frameworks",
				);
				PRODUCT_BUNDLE_IDENTIFIER = "com.nitya.ICU-Diaries";
				PRODUCT_NAME = "$(TARGET_NAME)";
				SWIFT_VERSION = 5.0;
				TARGETED_DEVICE_FAMILY = "1,2";
			};
			name = Debug;
		};
		AF232F0927076C9100302D47 /* Release */ = {
			isa = XCBuildConfiguration;
			baseConfigurationReference = 6E33F45ED48356ABBCF32409 /* Pods-ICU Diaries.release.xcconfig */;
			buildSettings = {
				ASSETCATALOG_COMPILER_APPICON_NAME = AppIcon;
				ASSETCATALOG_COMPILER_GLOBAL_ACCENT_COLOR_NAME = AccentColor;
				CODE_SIGN_STYLE = Automatic;
				DEVELOPMENT_ASSET_PATHS = "\"ICU Diaries/Preview Content\"";
				DEVELOPMENT_TEAM = X7ZH97JK3Q;
				ENABLE_PREVIEWS = YES;
				INFOPLIST_FILE = "ICU Diaries/Info.plist";
				IPHONEOS_DEPLOYMENT_TARGET = 14.0;
				LD_RUNPATH_SEARCH_PATHS = (
					"$(inherited)",
					"@executable_path/Frameworks",
				);
				PRODUCT_BUNDLE_IDENTIFIER = "com.nitya.ICU-Diaries";
				PRODUCT_NAME = "$(TARGET_NAME)";
				SWIFT_VERSION = 5.0;
				TARGETED_DEVICE_FAMILY = "1,2";
			};
			name = Release;
		};
		AF232F0B27076C9100302D47 /* Debug */ = {
			isa = XCBuildConfiguration;
			baseConfigurationReference = F9CB8241083E21257490D247 /* Pods-ICU DiariesTests.debug.xcconfig */;
			buildSettings = {
				ALWAYS_EMBED_SWIFT_STANDARD_LIBRARIES = YES;
				BUNDLE_LOADER = "$(TEST_HOST)";
				CODE_SIGN_STYLE = Automatic;
				INFOPLIST_FILE = "ICU DiariesTests/Info.plist";
				IPHONEOS_DEPLOYMENT_TARGET = 14.0;
				LD_RUNPATH_SEARCH_PATHS = (
					"$(inherited)",
					"@executable_path/Frameworks",
					"@loader_path/Frameworks",
				);
				PRODUCT_BUNDLE_IDENTIFIER = "com.nitya.ICU-DiariesTests";
				PRODUCT_NAME = "$(TARGET_NAME)";
				SWIFT_VERSION = 5.0;
				TARGETED_DEVICE_FAMILY = "1,2";
				TEST_HOST = "$(BUILT_PRODUCTS_DIR)/ICU Diaries.app/ICU Diaries";
			};
			name = Debug;
		};
		AF232F0C27076C9100302D47 /* Release */ = {
			isa = XCBuildConfiguration;
			baseConfigurationReference = 071A70B8CC81710418CE35BE /* Pods-ICU DiariesTests.release.xcconfig */;
			buildSettings = {
				ALWAYS_EMBED_SWIFT_STANDARD_LIBRARIES = YES;
				BUNDLE_LOADER = "$(TEST_HOST)";
				CODE_SIGN_STYLE = Automatic;
				INFOPLIST_FILE = "ICU DiariesTests/Info.plist";
				IPHONEOS_DEPLOYMENT_TARGET = 14.0;
				LD_RUNPATH_SEARCH_PATHS = (
					"$(inherited)",
					"@executable_path/Frameworks",
					"@loader_path/Frameworks",
				);
				PRODUCT_BUNDLE_IDENTIFIER = "com.nitya.ICU-DiariesTests";
				PRODUCT_NAME = "$(TARGET_NAME)";
				SWIFT_VERSION = 5.0;
				TARGETED_DEVICE_FAMILY = "1,2";
				TEST_HOST = "$(BUILT_PRODUCTS_DIR)/ICU Diaries.app/ICU Diaries";
			};
			name = Release;
		};
		AF232F0E27076C9100302D47 /* Debug */ = {
			isa = XCBuildConfiguration;
			baseConfigurationReference = 26729F0EA491069DB1DDA800 /* Pods-ICU Diaries-ICU DiariesUITests.debug.xcconfig */;
			buildSettings = {
				ALWAYS_EMBED_SWIFT_STANDARD_LIBRARIES = YES;
				CODE_SIGN_STYLE = Automatic;
				INFOPLIST_FILE = "ICU DiariesUITests/Info.plist";
				LD_RUNPATH_SEARCH_PATHS = (
					"$(inherited)",
					"@executable_path/Frameworks",
					"@loader_path/Frameworks",
				);
				PRODUCT_BUNDLE_IDENTIFIER = "com.nitya.ICU-DiariesUITests";
				PRODUCT_NAME = "$(TARGET_NAME)";
				SWIFT_VERSION = 5.0;
				TARGETED_DEVICE_FAMILY = "1,2";
				TEST_TARGET_NAME = "ICU Diaries";
			};
			name = Debug;
		};
		AF232F0F27076C9100302D47 /* Release */ = {
			isa = XCBuildConfiguration;
			baseConfigurationReference = BF463A9988424A7A364BD7C8 /* Pods-ICU Diaries-ICU DiariesUITests.release.xcconfig */;
			buildSettings = {
				ALWAYS_EMBED_SWIFT_STANDARD_LIBRARIES = YES;
				CODE_SIGN_STYLE = Automatic;
				INFOPLIST_FILE = "ICU DiariesUITests/Info.plist";
				LD_RUNPATH_SEARCH_PATHS = (
					"$(inherited)",
					"@executable_path/Frameworks",
					"@loader_path/Frameworks",
				);
				PRODUCT_BUNDLE_IDENTIFIER = "com.nitya.ICU-DiariesUITests";
				PRODUCT_NAME = "$(TARGET_NAME)";
				SWIFT_VERSION = 5.0;
				TARGETED_DEVICE_FAMILY = "1,2";
				TEST_TARGET_NAME = "ICU Diaries";
			};
			name = Release;
		};
/* End XCBuildConfiguration section */

/* Begin XCConfigurationList section */
		AF232EDD27076C9000302D47 /* Build configuration list for PBXProject "ICU Diaries" */ = {
			isa = XCConfigurationList;
			buildConfigurations = (
				AF232F0527076C9100302D47 /* Debug */,
				AF232F0627076C9100302D47 /* Release */,
			);
			defaultConfigurationIsVisible = 0;
			defaultConfigurationName = Release;
		};
		AF232F0727076C9100302D47 /* Build configuration list for PBXNativeTarget "ICU Diaries" */ = {
			isa = XCConfigurationList;
			buildConfigurations = (
				AF232F0827076C9100302D47 /* Debug */,
				AF232F0927076C9100302D47 /* Release */,
			);
			defaultConfigurationIsVisible = 0;
			defaultConfigurationName = Release;
		};
		AF232F0A27076C9100302D47 /* Build configuration list for PBXNativeTarget "ICU DiariesTests" */ = {
			isa = XCConfigurationList;
			buildConfigurations = (
				AF232F0B27076C9100302D47 /* Debug */,
				AF232F0C27076C9100302D47 /* Release */,
			);
			defaultConfigurationIsVisible = 0;
			defaultConfigurationName = Release;
		};
		AF232F0D27076C9100302D47 /* Build configuration list for PBXNativeTarget "ICU DiariesUITests" */ = {
			isa = XCConfigurationList;
			buildConfigurations = (
				AF232F0E27076C9100302D47 /* Debug */,
				AF232F0F27076C9100302D47 /* Release */,
			);
			defaultConfigurationIsVisible = 0;
			defaultConfigurationName = Release;
		};
/* End XCConfigurationList section */

/* Begin XCRemoteSwiftPackageReference section */
		2C0395C22708D63000680E12 /* XCRemoteSwiftPackageReference "GoogleSignIn-iOS" */ = {
			isa = XCRemoteSwiftPackageReference;
			repositoryURL = "https://github.com/google/GoogleSignIn-iOS";
			requirement = {
				kind = upToNextMajorVersion;
				minimumVersion = 6.0.0;
			};
		};
/* End XCRemoteSwiftPackageReference section */

/* Begin XCSwiftPackageProductDependency section */
		2C0395C32708D63000680E12 /* GoogleSignIn */ = {
			isa = XCSwiftPackageProductDependency;
			package = 2C0395C22708D63000680E12 /* XCRemoteSwiftPackageReference "GoogleSignIn-iOS" */;
			productName = GoogleSignIn;
		};
/* End XCSwiftPackageProductDependency section */
	};
	rootObject = AF232EDA27076C9000302D47 /* Project object */;
}
